{
  "name": "task-3-ajs",
  "version": "1.0.0",
  "lockfileVersion": 2,
  "requires": true,
  "packages": {
    "": {
      "version": "1.0.0",
      "license": "ISC",
      "dependencies": {
        "@lap-dmitry/ajs": "^1.0.0"
      }
    },
    "node_modules/@lap-dmitry/ajs": {
      "version": "1.0.0",
      "resolved": "https://npm.pkg.github.com/download/@lap-dmitry/ajs/1.0.0/93dc6e5ec39e67cfdf63dc95db5f28294ca58449e46e3d194362e504aea6ce10",
      "integrity": "sha512-jwLS9aG/ecA/NzFcp56JV+rRcZvimtTpj28DF/XNuH4dR4/KawjzlD1P0W5dcbxW9uO55zjPVhXFanw0TPuX/w==",
      "license": "ISC"
    }
  },
  "dependencies": {
    "@lap-dmitry/ajs": {
      "version": "1.0.0",
      "resolved": "https://npm.pkg.github.com/download/@lap-dmitry/ajs/1.0.0/93dc6e5ec39e67cfdf63dc95db5f28294ca58449e46e3d194362e504aea6ce10",
      "integrity": "sha512-jwLS9aG/ecA/NzFcp56JV+rRcZvimtTpj28DF/XNuH4dR4/KawjzlD1P0W5dcbxW9uO55zjPVhXFanw0TPuX/w=="
    }
  }
}
